# THIS IS AN AUTOGENERATED FILE. DO NOT EDIT THIS FILE DIRECTLY.
# yarn lockfile v1


"@codemirror/autocomplete@^6.0.0":
  version "6.9.2"
  resolved "https://registry.yarnpkg.com/@codemirror/autocomplete/-/autocomplete-6.9.2.tgz#b0f5132647a2f4bd2eb223d682df65f2cc020beb"
  integrity sha512-suItGf7PhtfgQMCd8ofYzycdsAHDBB8BkNrmyxeLvptW7yNT6zGT6ZzwhAfmB94TUyAAStrHjaDGC4/foenF2A==
  dependencies:
    "@codemirror/language" "^6.0.0"
    "@codemirror/state" "^6.0.0"
    "@codemirror/view" "^6.17.0"
    "@lezer/common" "^1.0.0"

"@codemirror/commands@^6.0.0":
  version "6.3.0"
  resolved "https://registry.yarnpkg.com/@codemirror/commands/-/commands-6.3.0.tgz#cb7ad6ddc1e8af3a3c352135bd0348e6950b4e9d"
  integrity sha512-tFfcxRIlOWiQDFhjBSWJ10MxcvbCIsRr6V64SgrcaY0MwNk32cUOcCuNlWo8VjV4qRQCgNgUAnIeo0svkk4R5Q==
  dependencies:
    "@codemirror/language" "^6.0.0"
    "@codemirror/state" "^6.2.0"
    "@codemirror/view" "^6.0.0"
    "@lezer/common" "^1.1.0"

"@codemirror/language@^6.0.0":
  version "6.9.1"
  resolved "https://registry.yarnpkg.com/@codemirror/language/-/language-6.9.1.tgz#97e2c3e44cf4ff152add865ed7ecec73868446a4"
  integrity sha512-lWRP3Y9IUdOms6DXuBpoWwjkR7yRmnS0hKYCbSfPz9v6Em1A1UCRujAkDiCrdYfs1Z0Eu4dGtwovNPStIfkgNA==
  dependencies:
    "@codemirror/state" "^6.0.0"
    "@codemirror/view" "^6.0.0"
    "@lezer/common" "^1.1.0"
    "@lezer/highlight" "^1.0.0"
    "@lezer/lr" "^1.0.0"
    style-mod "^4.0.0"

"@codemirror/lint@^6.0.0":
  version "6.4.2"
  resolved "https://registry.yarnpkg.com/@codemirror/lint/-/lint-6.4.2.tgz#c13be5320bde9707efdc94e8bcd3c698abae0b92"
  integrity sha512-wzRkluWb1ptPKdzlsrbwwjYCPLgzU6N88YBAmlZi8WFyuiEduSd05MnJYNogzyc8rPK7pj6m95ptUApc8sHKVA==
  dependencies:
    "@codemirror/state" "^6.0.0"
    "@codemirror/view" "^6.0.0"
    crelt "^1.0.5"

"@codemirror/search@^6.0.0":
  version "6.5.4"
  resolved "https://registry.yarnpkg.com/@codemirror/search/-/search-6.5.4.tgz#54005697bf581f7dccbbb4a0c34d3a7aa25a513a"
  integrity sha512-YoTrvjv9e8EbPs58opjZKyJ3ewFrVSUzQ/4WXlULQLSDDr1nGPJ67mMXFNNVYwdFhybzhrzrtqgHmtpJwIF+8g==
  dependencies:
    "@codemirror/state" "^6.0.0"
    "@codemirror/view" "^6.0.0"
    crelt "^1.0.5"

"@codemirror/state@^6.0.0", "@codemirror/state@^6.1.4", "@codemirror/state@^6.2.0":
  version "6.2.1"
  resolved "https://registry.yarnpkg.com/@codemirror/state/-/state-6.2.1.tgz#6dc8d8e5abb26b875e3164191872d69a5e85bd73"
  integrity sha512-RupHSZ8+OjNT38zU9fKH2sv+Dnlr8Eb8sl4NOnnqz95mCFTZUaiRP8Xv5MeeaG0px2b8Bnfe7YGwCV3nsBhbuw==

"@codemirror/view@^6.0.0", "@codemirror/view@^6.17.0":
  version "6.21.3"
  resolved "https://registry.yarnpkg.com/@codemirror/view/-/view-6.21.3.tgz#cf8e3ee6f08e06a6912f18bc90548b4b74badb7a"
  integrity sha512-8l1aSQ6MygzL4Nx7GVYhucSXvW4jQd0F6Zm3v9Dg+6nZEfwzJVqi4C2zHfDljID+73gsQrWp9TgHc81xU15O4A==
  dependencies:
    "@codemirror/state" "^6.1.4"
    style-mod "^4.1.0"
    w3c-keyname "^2.2.4"

"@lezer/common@^1.0.0", "@lezer/common@^1.1.0":
  version "1.1.0"
  resolved "https://registry.yarnpkg.com/@lezer/common/-/common-1.1.0.tgz#2e5bfe01d7a2ada6056d93c677bba4f1495e098a"
  integrity sha512-XPIN3cYDXsoJI/oDWoR2tD++juVrhgIago9xyKhZ7IhGlzdDM9QgC8D8saKNCz5pindGcznFr2HBSsEQSWnSjw==

"@lezer/highlight@^1.0.0":
  version "1.1.6"
  resolved "https://registry.yarnpkg.com/@lezer/highlight/-/highlight-1.1.6.tgz#87e56468c0f43c2a8b3dc7f0b7c2804b34901556"
  integrity sha512-cmSJYa2us+r3SePpRCjN5ymCqCPv+zyXmDl0ciWtVaNiORT/MxM7ZgOMQZADD0o51qOaOg24qc/zBViOIwAjJg==
  dependencies:
    "@lezer/common" "^1.0.0"

"@lezer/lr@^1.0.0":
  version "1.3.13"
  resolved "https://registry.yarnpkg.com/@lezer/lr/-/lr-1.3.13.tgz#578e06c6c52e4dc38421368904585afa3eb82ec8"
  integrity sha512-RLAbau/4uSzKgIKj96mI5WUtG1qtiR0Frn0Ei9zhPj8YOkHM+1Bb8SgdVvmR/aWJCFIzjo2KFnDiRZ75Xf5NdQ==
  dependencies:
    "@lezer/common" "^1.0.0"

codemirror@^6.0.1:
  version "6.0.1"
  resolved "https://registry.yarnpkg.com/codemirror/-/codemirror-6.0.1.tgz#62b91142d45904547ee3e0e0e4c1a79158035a29"
  integrity sha512-J8j+nZ+CdWmIeFIGXEFbFPtpiYacFMDR8GlHK3IyHQJMCaVRfGx9NT+Hxivv1ckLWPvNdZqndbr/7lVhrf/Svg==
  dependencies:
    "@codemirror/autocomplete" "^6.0.0"
    "@codemirror/commands" "^6.0.0"
    "@codemirror/language" "^6.0.0"
    "@codemirror/lint" "^6.0.0"
    "@codemirror/search" "^6.0.0"
    "@codemirror/state" "^6.0.0"
    "@codemirror/view" "^6.0.0"

crelt@^1.0.5:
  version "1.0.6"
  resolved "https://registry.yarnpkg.com/crelt/-/crelt-1.0.6.tgz#7cc898ea74e190fb6ef9dae57f8f81cf7302df72"
  integrity sha512-VQ2MBenTq1fWZUH9DJNGti7kKv6EeAuYr3cLwxUWhIu1baTaXh4Ib5W2CqHVqib4/MqbYGJqiL3Zb8GJZr3l4g==

eslint-plugin-userscripts@^0.4.0:
  version "0.4.0"
  resolved "https://registry.yarnpkg.com/eslint-plugin-userscripts/-/eslint-plugin-userscripts-0.4.0.tgz#b5ef87718b1fc16f7aba74126ec05f8ad53f77a4"
  integrity sha512-SqYXsAo4Lb4jLYjMYh4ws/SX4kWXO6Iq4l2eQUqqxitmbnkYXr18SPIGY8/MjV2G3X3ckGVLgZAL5ynlsqNo7g==
  dependencies:
    requireindex "~1.2.0"
    semver "^7.3.8"

lru-cache@^6.0.0:
  version "6.0.0"
  resolved "https://registry.yarnpkg.com/lru-cache/-/lru-cache-6.0.0.tgz#6d6fe6570ebd96aaf90fcad1dafa3b2566db3a94"
  integrity sha512-Jo6dJ04CmSjuznwJSS3pUeWmd/H0ffTlkXXgwZi+eq1UCmqQwCh+eLsYOYCwY991i2Fah4h1BEMCx4qThGbsiA==
  dependencies:
    yallist "^4.0.0"

react-codemirror2@^7.3.0:
  version "7.3.0"
  resolved "https://registry.yarnpkg.com/react-codemirror2/-/react-codemirror2-7.3.0.tgz#c26e9fe655458389c6218496076e4bc7a4c31166"
  integrity sha512-gCgJPXDX+5iaPolkHAu1YbJ92a2yL7Je4TuyO3QEqOtI/d6mbEk08l0oIm18R4ctuT/Sl87X63xIMBnRQBXYXA==

requireindex@~1.2.0:
  version "1.2.0"
  resolved "https://registry.yarnpkg.com/requireindex/-/requireindex-1.2.0.tgz#3463cdb22ee151902635aa6c9535d4de9c2ef1ef"
  integrity sha512-L9jEkOi3ASd9PYit2cwRfyppc9NoABujTP8/5gFcbERmo5jUoAKovIC3fsF17pkTnGsrByysqX+Kxd2OTNI1ww==

semver@^7.3.8:
  version "7.5.4"
  resolved "https://registry.yarnpkg.com/semver/-/semver-7.5.4.tgz#483986ec4ed38e1c6c48c34894a9182dbff68a6e"
  integrity sha512-1bCSESV6Pv+i21Hvpxp3Dx+pSD8lIPt8uVjRrxAUt/nbswYc+tK6Y2btiULjd4+fnq15PX+nqQDC7Oft7WkwcA==
  dependencies:
    lru-cache "^6.0.0"

style-mod@^4.0.0, style-mod@^4.1.0:
  version "4.1.0"
  resolved "https://registry.yarnpkg.com/style-mod/-/style-mod-4.1.0.tgz#a313a14f4ae8bb4d52878c0053c4327fb787ec09"
  integrity sha512-Ca5ib8HrFn+f+0n4N4ScTIA9iTOQ7MaGS1ylHcoVqW9J7w2w8PzN6g9gKmTYgGEBH8e120+RCmhpje6jC5uGWA==

w3c-keyname@^2.2.4:
  version "2.2.8"
  resolved "https://registry.yarnpkg.com/w3c-keyname/-/w3c-keyname-2.2.8.tgz#7b17c8c6883d4e8b86ac8aba79d39e880f8869c5"
  integrity sha512-dpojBhNsCNN7T82Tm7k26A6G9ML3NkhDsnw9n/eoxSRlVBB4CEtIQ/KTCLI2Fwf3ataSXRhYFkQi3SlnFwPvPQ==

yallist@^4.0.0:
  version "4.0.0"
  resolved "https://registry.yarnpkg.com/yallist/-/yallist-4.0.0.tgz#9bb92790d9c0effec63be73519e11a35019a3a72"
  integrity sha512-3wdGidZyq5PB084XLES5TpOSRA3wjXAlIWMhum2kRcv/41Sn2emQ0dycQW4uZXLejwKvg6EsvbdlVL+FYEct7A==
